core:changelogs:
  - content: "---\npackages:\n  npm:release-workflow-experiment:\n    type: patch\n---\n\n### Export the version as a named export too\n\n`require(\"release-workflow-experiment\").version` now works.\n"
    filename: exit-prerelease.md
    v: 0.0.0
core:packages:
  - changelogIds:
      - exit-prerelease.md
    id: npm:release-workflow-experiment
    updated: true
npm:packages:
  - distTag: canary
    id: npm:release-workflow-experiment
resend:exit-prerelease:
  - requested: true
