core:changelogs:
  - content: "---\npackages:\n  npm:release-workflow-experiment:\n    type: minor\n---\n\n## Add greet()\n\nReturns a greeting for a name.\n"
    filename: add-greet.md
    v: 0.0.0
core:packages:
  - changelogIds:
      - add-greet.md
    id: npm:release-workflow-experiment
    updated: true
npm:packages:
  - distTag: canary
    id: npm:release-workflow-experiment
