core:changelogs:
  - content: "---\npackages:\n  npm:release-workflow-experiment:\n    type: patch\n---\n\n### Add a README\n\nThe npm page had no description.\n"
    filename: add-readme.md
    v: 0.0.0
  - content: "---\npackages:\n  npm:release-workflow-experiment:\n    type: patch\n---\n\n### Handle an empty name in greet()\n\nAn empty name now greets the world instead of nobody.\n"
    filename: fix-empty-name.md
    v: 0.0.0
core:packages:
  - changelogIds:
      - add-readme.md
      - fix-empty-name.md
    id: npm:release-workflow-experiment
    updated: true
npm:packages:
  - distTag: canary
    id: npm:release-workflow-experiment
